Microsoft Visual Studio Solution File, Format Version 12.00
# Visual Studio Version 18
VisualStudioVersion = 18.4.11626.88 stable
MinimumVisualStudioVersion = 10.0.40219.1
Project("{2150E333-8FDC-42A3-9474-1A3956D46DE8}") = "Config", "Config", "{02EA681E-C7D8-13C7-8484-4AC65E1B71E8}"
	ProjectSection(SolutionItems) = preProject
		Config\auth.json = Config\auth.json
		Config\connection.json = Config\connection.json
		Config\consumerConfig.json = Config\consumerConfig.json
		Config\elastic.json = Config\elastic.json
		Config\kafka.json = Config\kafka.json
	EndProjectSection
EndProject
Project("{2150E333-8FDC-42A3-9474-1A3956D46DE8}") = "Core", "Core", "{86CB1195-4960-47E8-B367-1F57BC788337}"
EndProject
Project("{2150E333-8FDC-42A3-9474-1A3956D46DE8}") = "Extension", "Extension", "{369CB01D-A1A7-72D2-AABC-3F0945D148A2}"
EndProject
Project("{2150E333-8FDC-42A3-9474-1A3956D46DE8}") = "Lib", "Lib", "{643747C7-0307-8931-84D8-A7D1915E22E5}"
EndProject
Project("{2150E333-8FDC-42A3-9474-1A3956D46DE8}") = "Presentation", "Presentation", "{5835D766-9847-1D08-5E95-5A99FD0F495D}"
EndProject
Project("{2150E333-8FDC-42A3-9474-1A3956D46DE8}") = "API", "API", "{9766A661-645D-4E69-9991-C1B3261E37CF}"
EndProject
Project("{FAE04EC0-301F-11D3-BF4B-00C04F79EFBC}") = "Digitalmarket.Controller.Auth", "Presentation\API\Digitalmarket.Controller.Auth\Digitalmarket.Controller.Auth.csproj", "{66714ECB-B380-40BA-94DC-42DE183E8DD4}"
EndProject
Project("{FAE04EC0-301F-11D3-BF4B-00C04F79EFBC}") = "Digitalmarket.Controller.Business", "Presentation\API\Digitalmarket.Controller.Business\Digitalmarket.Controller.Business.csproj", "{A1B2C3D4-E5F6-4A5B-8C7D-9E0F1A2B3C4D}"
EndProject
Project("{2150E333-8FDC-42A3-9474-1A3956D46DE8}") = "Base", "Base", "{DC9CE01B-8111-4C37-BB6B-6D14CC9ED5FD}"
EndProject
Project("{FAE04EC0-301F-11D3-BF4B-00C04F79EFBC}") = "Digitalmarket.Controller.Base", "Presentation\API\Digitalmarket.Controller.Base\Digitalmarket.Controller.Base.csproj", "{729EE164-7CFB-48A1-82E2-9F470404A2D3}"
EndProject
Project("{FAE04EC0-301F-11D3-BF4B-00C04F79EFBC}") = "Project.DigitalMarket.Libs", "Lib\Project.DigitalMarket.Libs\Project.DigitalMarket.Libs.csproj", "{E94A6BFD-95A4-4816-9C4B-F26A523E6922}"
EndProject
Project("{FAE04EC0-301F-11D3-BF4B-00C04F79EFBC}") = "Project.DigitalMarket.Host.Base", "Lib\Project.DigitalMarket.Host.Base\Project.DigitalMarket.Host.Base.csproj", "{B1AD8D9D-46A6-4573-A700-9241A39854BD}"
EndProject
Project("{FAE04EC0-301F-11D3-BF4B-00C04F79EFBC}") = "Project.DigitalMarket.Extension", "Extension\Project.DigitalMarket.Extension\Project.DigitalMarket.Extension.csproj", "{2D826C78-C635-49D5-BE1F-E29B625EB680}"
EndProject
Project("{FAE04EC0-301F-11D3-BF4B-00C04F79EFBC}") = "Project.DigitalMarket.Domain", "Core\Project.DigitalMarket.Domain\Project.DigitalMarket.Domain.csproj", "{12FA3841-3D7C-47B3-8A2B-E5744D31572F}"
EndProject
Project("{FAE04EC0-301F-11D3-BF4B-00C04F79EFBC}") = "Project.DigitalMarket.Domain.Share", "Core\Project.DigitalMarket.Domain.Share\Project.DigitalMarket.Domain.Share.csproj", "{C2025ABF-D38A-4636-9EE2-410957A94873}"
EndProject
Project("{FAE04EC0-301F-11D3-BF4B-00C04F79EFBC}") = "Project.DigitalMarket.Application", "Core\Project.DigitalMarket.Application\Project.DigitalMarket.Application.csproj", "{91BB9F49-5202-4094-BC3F-6B72B730FEA2}"
EndProject
Project("{FAE04EC0-301F-11D3-BF4B-00C04F79EFBC}") = "Project.DigitalMarket.Application.Contract", "Core\Project.DigitalMarket.Application.Contract\Project.DigitalMarket.Application.Contract.csproj", "{E73F3C6E-BB6C-4E29-BEB0-268AB51FB728}"
EndProject
Project("{2150E333-8FDC-42A3-9474-1A3956D46DE8}") = "Infrastructure", "Infrastructure", "{DFEE68D8-A7D0-1A41-506C-9B74AA9A7B7B}"
EndProject
Project("{FAE04EC0-301F-11D3-BF4B-00C04F79EFBC}") = "Project.DigitalMarket.Infrastructure.MsSql", "Infrastructure\Project.DigitalMarket.Infrastructure.MsSql\Project.DigitalMarket.Infrastructure.MsSql.csproj", "{04779790-2A2B-4618-AF0C-CB68EC887358}"
EndProject
Project("{FAE04EC0-301F-11D3-BF4B-00C04F79EFBC}") = "Project.DigitalMarket.Infrastructure.Mail", "Infrastructure\Project.DigitalMarket.Infrastructure.Mail\Project.DigitalMarket.Infrastructure.Mail.csproj", "{AED9DFED-4B56-4A34-9317-CFCE66506B34}"
EndProject
Global
	GlobalSection(SolutionConfigurationPlatforms) = preSolution
		Debug|Any CPU = Debug|Any CPU
		Debug|x64 = Debug|x64
		Debug|x86 = Debug|x86
		Release|Any CPU = Release|Any CPU
		Release|x64 = Release|x64
		Release|x86 = Release|x86
	EndGlobalSection
	GlobalSection(ProjectConfigurationPlatforms) = postSolution
		{66714ECB-B380-40BA-94DC-42DE183E8DD4}.Debug|Any CPU.ActiveCfg = Debug|Any CPU
		{66714ECB-B380-40BA-94DC-42DE183E8DD4}.Debug|Any CPU.Build.0 = Debug|Any CPU
		{66714ECB-B380-40BA-94DC-42DE183E8DD4}.Debug|x64.ActiveCfg = Debug|Any CPU
		{66714ECB-B380-40BA-94DC-42DE183E8DD4}.Debug|x64.Build.0 = Debug|Any CPU
		{66714ECB-B380-40BA-94DC-42DE183E8DD4}.Debug|x86.ActiveCfg = Debug|Any CPU
		{66714ECB-B380-40BA-94DC-42DE183E8DD4}.Debug|x86.Build.0 = Debug|Any CPU
		{66714ECB-B380-40BA-94DC-42DE183E8DD4}.Release|Any CPU.ActiveCfg = Release|Any CPU
		{66714ECB-B380-40BA-94DC-42DE183E8DD4}.Release|Any CPU.Build.0 = Release|Any CPU
		{66714ECB-B380-40BA-94DC-42DE183E8DD4}.Release|x64.ActiveCfg = Release|Any CPU
		{66714ECB-B380-40BA-94DC-42DE183E8DD4}.Release|x64.Build.0 = Release|Any CPU
		{66714ECB-B380-40BA-94DC-42DE183E8DD4}.Release|x86.ActiveCfg = Release|Any CPU
		{66714ECB-B380-40BA-94DC-42DE183E8DD4}.Release|x86.Build.0 = Release|Any CPU
		{A1B2C3D4-E5F6-4A5B-8C7D-9E0F1A2B3C4D}.Debug|Any CPU.ActiveCfg = Debug|Any CPU
		{A1B2C3D4-E5F6-4A5B-8C7D-9E0F1A2B3C4D}.Debug|Any CPU.Build.0 = Debug|Any CPU
		{A1B2C3D4-E5F6-4A5B-8C7D-9E0F1A2B3C4D}.Debug|x64.ActiveCfg = Debug|Any CPU
		{A1B2C3D4-E5F6-4A5B-8C7D-9E0F1A2B3C4D}.Debug|x64.Build.0 = Debug|Any CPU
		{A1B2C3D4-E5F6-4A5B-8C7D-9E0F1A2B3C4D}.Debug|x86.ActiveCfg = Debug|Any CPU
		{A1B2C3D4-E5F6-4A5B-8C7D-9E0F1A2B3C4D}.Debug|x86.Build.0 = Debug|Any CPU
		{A1B2C3D4-E5F6-4A5B-8C7D-9E0F1A2B3C4D}.Release|Any CPU.ActiveCfg = Release|Any CPU
		{A1B2C3D4-E5F6-4A5B-8C7D-9E0F1A2B3C4D}.Release|Any CPU.Build.0 = Release|Any CPU
		{A1B2C3D4-E5F6-4A5B-8C7D-9E0F1A2B3C4D}.Release|x64.ActiveCfg = Release|Any CPU
		{A1B2C3D4-E5F6-4A5B-8C7D-9E0F1A2B3C4D}.Release|x64.Build.0 = Release|Any CPU
		{A1B2C3D4-E5F6-4A5B-8C7D-9E0F1A2B3C4D}.Release|x86.ActiveCfg = Release|Any CPU
		{A1B2C3D4-E5F6-4A5B-8C7D-9E0F1A2B3C4D}.Release|x86.Build.0 = Release|Any CPU
		{729EE164-7CFB-48A1-82E2-9F470404A2D3}.Debug|Any CPU.ActiveCfg = Debug|Any CPU
		{729EE164-7CFB-48A1-82E2-9F470404A2D3}.Debug|Any CPU.Build.0 = Debug|Any CPU
		{729EE164-7CFB-48A1-82E2-9F470404A2D3}.Debug|x64.ActiveCfg = Debug|Any CPU
		{729EE164-7CFB-48A1-82E2-9F470404A2D3}.Debug|x64.Build.0 = Debug|Any CPU
		{729EE164-7CFB-48A1-82E2-9F470404A2D3}.Debug|x86.ActiveCfg = Debug|Any CPU
		{729EE164-7CFB-48A1-82E2-9F470404A2D3}.Debug|x86.Build.0 = Debug|Any CPU
		{729EE164-7CFB-48A1-82E2-9F470404A2D3}.Release|Any CPU.ActiveCfg = Release|Any CPU
		{729EE164-7CFB-48A1-82E2-9F470404A2D3}.Release|Any CPU.Build.0 = Release|Any CPU
		{729EE164-7CFB-48A1-82E2-9F470404A2D3}.Release|x64.ActiveCfg = Release|Any CPU
		{729EE164-7CFB-48A1-82E2-9F470404A2D3}.Release|x64.Build.0 = Release|Any CPU
		{729EE164-7CFB-48A1-82E2-9F470404A2D3}.Release|x86.ActiveCfg = Release|Any CPU
		{729EE164-7CFB-48A1-82E2-9F470404A2D3}.Release|x86.Build.0 = Release|Any CPU
		{E94A6BFD-95A4-4816-9C4B-F26A523E6922}.Debug|Any CPU.ActiveCfg = Debug|Any CPU
		{E94A6BFD-95A4-4816-9C4B-F26A523E6922}.Debug|Any CPU.Build.0 = Debug|Any CPU
		{E94A6BFD-95A4-4816-9C4B-F26A523E6922}.Debug|x64.ActiveCfg = Debug|Any CPU
		{E94A6BFD-95A4-4816-9C4B-F26A523E6922}.Debug|x64.Build.0 = Debug|Any CPU
		{E94A6BFD-95A4-4816-9C4B-F26A523E6922}.Debug|x86.ActiveCfg = Debug|Any CPU
		{E94A6BFD-95A4-4816-9C4B-F26A523E6922}.Debug|x86.Build.0 = Debug|Any CPU
		{E94A6BFD-95A4-4816-9C4B-F26A523E6922}.Release|Any CPU.ActiveCfg = Release|Any CPU
		{E94A6BFD-95A4-4816-9C4B-F26A523E6922}.Release|Any CPU.Build.0 = Release|Any CPU
		{E94A6BFD-95A4-4816-9C4B-F26A523E6922}.Release|x64.ActiveCfg = Release|Any CPU
		{E94A6BFD-95A4-4816-9C4B-F26A523E6922}.Release|x64.Build.0 = Release|Any CPU
		{E94A6BFD-95A4-4816-9C4B-F26A523E6922}.Release|x86.ActiveCfg = Release|Any CPU
		{E94A6BFD-95A4-4816-9C4B-F26A523E6922}.Release|x86.Build.0 = Release|Any CPU
		{B1AD8D9D-46A6-4573-A700-9241A39854BD}.Debug|Any CPU.ActiveCfg = Debug|Any CPU
		{B1AD8D9D-46A6-4573-A700-9241A39854BD}.Debug|Any CPU.Build.0 = Debug|Any CPU
		{B1AD8D9D-46A6-4573-A700-9241A39854BD}.Debug|x64.ActiveCfg = Debug|Any CPU
		{B1AD8D9D-46A6-4573-A700-9241A39854BD}.Debug|x64.Build.0 = Debug|Any CPU
		{B1AD8D9D-46A6-4573-A700-9241A39854BD}.Debug|x86.ActiveCfg = Debug|Any CPU
		{B1AD8D9D-46A6-4573-A700-9241A39854BD}.Debug|x86.Build.0 = Debug|Any CPU
		{B1AD8D9D-46A6-4573-A700-9241A39854BD}.Release|Any CPU.ActiveCfg = Release|Any CPU
		{B1AD8D9D-46A6-4573-A700-9241A39854BD}.Release|Any CPU.Build.0 = Release|Any CPU
		{B1AD8D9D-46A6-4573-A700-9241A39854BD}.Release|x64.ActiveCfg = Release|Any CPU
		{B1AD8D9D-46A6-4573-A700-9241A39854BD}.Release|x64.Build.0 = Release|Any CPU
		{B1AD8D9D-46A6-4573-A700-9241A39854BD}.Release|x86.ActiveCfg = Release|Any CPU
		{B1AD8D9D-46A6-4573-A700-9241A39854BD}.Release|x86.Build.0 = Release|Any CPU
		{2D826C78-C635-49D5-BE1F-E29B625EB680}.Debug|Any CPU.ActiveCfg = Debug|Any CPU
		{2D826C78-C635-49D5-BE1F-E29B625EB680}.Debug|Any CPU.Build.0 = Debug|Any CPU
		{2D826C78-C635-49D5-BE1F-E29B625EB680}.Debug|x64.ActiveCfg = Debug|Any CPU
		{2D826C78-C635-49D5-BE1F-E29B625EB680}.Debug|x64.Build.0 = Debug|Any CPU
		{2D826C78-C635-49D5-BE1F-E29B625EB680}.Debug|x86.ActiveCfg = Debug|Any CPU
		{2D826C78-C635-49D5-BE1F-E29B625EB680}.Debug|x86.Build.0 = Debug|Any CPU
		{2D826C78-C635-49D5-BE1F-E29B625EB680}.Release|Any CPU.ActiveCfg = Release|Any CPU
		{2D826C78-C635-49D5-BE1F-E29B625EB680}.Release|Any CPU.Build.0 = Release|Any CPU
		{2D826C78-C635-49D5-BE1F-E29B625EB680}.Release|x64.ActiveCfg = Release|Any CPU
		{2D826C78-C635-49D5-BE1F-E29B625EB680}.Release|x64.Build.0 = Release|Any CPU
		{2D826C78-C635-49D5-BE1F-E29B625EB680}.Release|x86.ActiveCfg = Release|Any CPU
		{2D826C78-C635-49D5-BE1F-E29B625EB680}.Release|x86.Build.0 = Release|Any CPU
		{12FA3841-3D7C-47B3-8A2B-E5744D31572F}.Debug|Any CPU.ActiveCfg = Debug|Any CPU
		{12FA3841-3D7C-47B3-8A2B-E5744D31572F}.Debug|Any CPU.Build.0 = Debug|Any CPU
		{12FA3841-3D7C-47B3-8A2B-E5744D31572F}.Debug|x64.ActiveCfg = Debug|Any CPU
		{12FA3841-3D7C-47B3-8A2B-E5744D31572F}.Debug|x64.Build.0 = Debug|Any CPU
		{12FA3841-3D7C-47B3-8A2B-E5744D31572F}.Debug|x86.ActiveCfg = Debug|Any CPU
		{12FA3841-3D7C-47B3-8A2B-E5744D31572F}.Debug|x86.Build.0 = Debug|Any CPU
		{12FA3841-3D7C-47B3-8A2B-E5744D31572F}.Release|Any CPU.ActiveCfg = Release|Any CPU
		{12FA3841-3D7C-47B3-8A2B-E5744D31572F}.Release|Any CPU.Build.0 = Release|Any CPU
		{12FA3841-3D7C-47B3-8A2B-E5744D31572F}.Release|x64.ActiveCfg = Release|Any CPU
		{12FA3841-3D7C-47B3-8A2B-E5744D31572F}.Release|x64.Build.0 = Release|Any CPU
		{12FA3841-3D7C-47B3-8A2B-E5744D31572F}.Release|x86.ActiveCfg = Release|Any CPU
		{12FA3841-3D7C-47B3-8A2B-E5744D31572F}.Release|x86.Build.0 = Release|Any CPU
		{C2025ABF-D38A-4636-9EE2-410957A94873}.Debug|Any CPU.ActiveCfg = Debug|Any CPU
		{C2025ABF-D38A-4636-9EE2-410957A94873}.Debug|Any CPU.Build.0 = Debug|Any CPU
		{C2025ABF-D38A-4636-9EE2-410957A94873}.Debug|x64.ActiveCfg = Debug|Any CPU
		{C2025ABF-D38A-4636-9EE2-410957A94873}.Debug|x64.Build.0 = Debug|Any CPU
		{C2025ABF-D38A-4636-9EE2-410957A94873}.Debug|x86.ActiveCfg = Debug|Any CPU
		{C2025ABF-D38A-4636-9EE2-410957A94873}.Debug|x86.Build.0 = Debug|Any CPU
		{C2025ABF-D38A-4636-9EE2-410957A94873}.Release|Any CPU.ActiveCfg = Release|Any CPU
		{C2025ABF-D38A-4636-9EE2-410957A94873}.Release|Any CPU.Build.0 = Release|Any CPU
		{C2025ABF-D38A-4636-9EE2-410957A94873}.Release|x64.ActiveCfg = Release|Any CPU
		{C2025ABF-D38A-4636-9EE2-410957A94873}.Release|x64.Build.0 = Release|Any CPU
		{C2025ABF-D38A-4636-9EE2-410957A94873}.Release|x86.ActiveCfg = Release|Any CPU
		{C2025ABF-D38A-4636-9EE2-410957A94873}.Release|x86.Build.0 = Release|Any CPU
		{91BB9F49-5202-4094-BC3F-6B72B730FEA2}.Debug|Any CPU.ActiveCfg = Debug|Any CPU
		{91BB9F49-5202-4094-BC3F-6B72B730FEA2}.Debug|Any CPU.Build.0 = Debug|Any CPU
		{91BB9F49-5202-4094-BC3F-6B72B730FEA2}.Debug|x64.ActiveCfg = Debug|Any CPU
		{91BB9F49-5202-4094-BC3F-6B72B730FEA2}.Debug|x64.Build.0 = Debug|Any CPU
		{91BB9F49-5202-4094-BC3F-6B72B730FEA2}.Debug|x86.ActiveCfg = Debug|Any CPU
		{91BB9F49-5202-4094-BC3F-6B72B730FEA2}.Debug|x86.Build.0 = Debug|Any CPU
		{91BB9F49-5202-4094-BC3F-6B72B730FEA2}.Release|Any CPU.ActiveCfg = Release|Any CPU
		{91BB9F49-5202-4094-BC3F-6B72B730FEA2}.Release|Any CPU.Build.0 = Release|Any CPU
		{91BB9F49-5202-4094-BC3F-6B72B730FEA2}.Release|x64.ActiveCfg = Release|Any CPU
		{91BB9F49-5202-4094-BC3F-6B72B730FEA2}.Release|x64.Build.0 = Release|Any CPU
		{91BB9F49-5202-4094-BC3F-6B72B730FEA2}.Release|x86.ActiveCfg = Release|Any CPU
		{91BB9F49-5202-4094-BC3F-6B72B730FEA2}.Release|x86.Build.0 = Release|Any CPU
		{E73F3C6E-BB6C-4E29-BEB0-268AB51FB728}.Debug|Any CPU.ActiveCfg = Debug|Any CPU
		{E73F3C6E-BB6C-4E29-BEB0-268AB51FB728}.Debug|Any CPU.Build.0 = Debug|Any CPU
		{E73F3C6E-BB6C-4E29-BEB0-268AB51FB728}.Debug|x64.ActiveCfg = Debug|Any CPU
		{E73F3C6E-BB6C-4E29-BEB0-268AB51FB728}.Debug|x64.Build.0 = Debug|Any CPU
		{E73F3C6E-BB6C-4E29-BEB0-268AB51FB728}.Debug|x86.ActiveCfg = Debug|Any CPU
		{E73F3C6E-BB6C-4E29-BEB0-268AB51FB728}.Debug|x86.Build.0 = Debug|Any CPU
		{E73F3C6E-BB6C-4E29-BEB0-268AB51FB728}.Release|Any CPU.ActiveCfg = Release|Any CPU
		{E73F3C6E-BB6C-4E29-BEB0-268AB51FB728}.Release|Any CPU.Build.0 = Release|Any CPU
		{E73F3C6E-BB6C-4E29-BEB0-268AB51FB728}.Release|x64.ActiveCfg = Release|Any CPU
		{E73F3C6E-BB6C-4E29-BEB0-268AB51FB728}.Release|x64.Build.0 = Release|Any CPU
		{E73F3C6E-BB6C-4E29-BEB0-268AB51FB728}.Release|x86.ActiveCfg = Release|Any CPU
		{E73F3C6E-BB6C-4E29-BEB0-268AB51FB728}.Release|x86.Build.0 = Release|Any CPU
		{04779790-2A2B-4618-AF0C-CB68EC887358}.Debug|Any CPU.ActiveCfg = Debug|Any CPU
		{04779790-2A2B-4618-AF0C-CB68EC887358}.Debug|Any CPU.Build.0 = Debug|Any CPU
		{04779790-2A2B-4618-AF0C-CB68EC887358}.Debug|x64.ActiveCfg = Debug|Any CPU
		{04779790-2A2B-4618-AF0C-CB68EC887358}.Debug|x64.Build.0 = Debug|Any CPU
		{04779790-2A2B-4618-AF0C-CB68EC887358}.Debug|x86.ActiveCfg = Debug|Any CPU
		{04779790-2A2B-4618-AF0C-CB68EC887358}.Debug|x86.Build.0 = Debug|Any CPU
		{04779790-2A2B-4618-AF0C-CB68EC887358}.Release|Any CPU.ActiveCfg = Release|Any CPU
		{04779790-2A2B-4618-AF0C-CB68EC887358}.Release|Any CPU.Build.0 = Release|Any CPU
		{04779790-2A2B-4618-AF0C-CB68EC887358}.Release|x64.ActiveCfg = Release|Any CPU
		{04779790-2A2B-4618-AF0C-CB68EC887358}.Release|x64.Build.0 = Release|Any CPU
		{04779790-2A2B-4618-AF0C-CB68EC887358}.Release|x86.ActiveCfg = Release|Any CPU
		{04779790-2A2B-4618-AF0C-CB68EC887358}.Release|x86.Build.0 = Release|Any CPU
		{AED9DFED-4B56-4A34-9317-CFCE66506B34}.Debug|Any CPU.ActiveCfg = Debug|Any CPU
		{AED9DFED-4B56-4A34-9317-CFCE66506B34}.Debug|Any CPU.Build.0 = Debug|Any CPU
		{AED9DFED-4B56-4A34-9317-CFCE66506B34}.Debug|x64.ActiveCfg = Debug|Any CPU
		{AED9DFED-4B56-4A34-9317-CFCE66506B34}.Debug|x64.Build.0 = Debug|Any CPU
		{AED9DFED-4B56-4A34-9317-CFCE66506B34}.Debug|x86.ActiveCfg = Debug|Any CPU
		{AED9DFED-4B56-4A34-9317-CFCE66506B34}.Debug|x86.Build.0 = Debug|Any CPU
		{AED9DFED-4B56-4A34-9317-CFCE66506B34}.Release|Any CPU.ActiveCfg = Release|Any CPU
		{AED9DFED-4B56-4A34-9317-CFCE66506B34}.Release|Any CPU.Build.0 = Release|Any CPU
		{AED9DFED-4B56-4A34-9317-CFCE66506B34}.Release|x64.ActiveCfg = Release|Any CPU
		{AED9DFED-4B56-4A34-9317-CFCE66506B34}.Release|x64.Build.0 = Release|Any CPU
		{AED9DFED-4B56-4A34-9317-CFCE66506B34}.Release|x86.ActiveCfg = Release|Any CPU
		{AED9DFED-4B56-4A34-9317-CFCE66506B34}.Release|x86.Build.0 = Release|Any CPU
	EndGlobalSection
	GlobalSection(SolutionProperties) = preSolution
		HideSolutionNode = FALSE
	EndGlobalSection
	GlobalSection(NestedProjects) = preSolution
		{9766A661-645D-4E69-9991-C1B3261E37CF} = {5835D766-9847-1D08-5E95-5A99FD0F495D}
		{66714ECB-B380-40BA-94DC-42DE183E8DD4} = {9766A661-645D-4E69-9991-C1B3261E37CF}
		{A1B2C3D4-E5F6-4A5B-8C7D-9E0F1A2B3C4D} = {9766A661-645D-4E69-9991-C1B3261E37CF}
		{DC9CE01B-8111-4C37-BB6B-6D14CC9ED5FD} = {9766A661-645D-4E69-9991-C1B3261E37CF}
		{729EE164-7CFB-48A1-82E2-9F470404A2D3} = {DC9CE01B-8111-4C37-BB6B-6D14CC9ED5FD}
		{E94A6BFD-95A4-4816-9C4B-F26A523E6922} = {643747C7-0307-8931-84D8-A7D1915E22E5}
		{B1AD8D9D-46A6-4573-A700-9241A39854BD} = {643747C7-0307-8931-84D8-A7D1915E22E5}
		{2D826C78-C635-49D5-BE1F-E29B625EB680} = {369CB01D-A1A7-72D2-AABC-3F0945D148A2}
		{12FA3841-3D7C-47B3-8A2B-E5744D31572F} = {86CB1195-4960-47E8-B367-1F57BC788337}
		{C2025ABF-D38A-4636-9EE2-410957A94873} = {86CB1195-4960-47E8-B367-1F57BC788337}
		{91BB9F49-5202-4094-BC3F-6B72B730FEA2} = {86CB1195-4960-47E8-B367-1F57BC788337}
		{E73F3C6E-BB6C-4E29-BEB0-268AB51FB728} = {86CB1195-4960-47E8-B367-1F57BC788337}
		{04779790-2A2B-4618-AF0C-CB68EC887358} = {DFEE68D8-A7D0-1A41-506C-9B74AA9A7B7B}
		{AED9DFED-4B56-4A34-9317-CFCE66506B34} = {DFEE68D8-A7D0-1A41-506C-9B74AA9A7B7B}
	EndGlobalSection
	GlobalSection(ExtensibilityGlobals) = postSolution
		SolutionGuid = {1DAB0FCC-FCAB-4B11-A93C-D7FCDE61BE1C}
	EndGlobalSection
EndGlobal
